
Microsoft Visual Studio Solution File, Format Version 12.00
# Visual Studio Version 17
VisualStudioVersion = 17.9.34310.174
MinimumVisualStudioVersion = 10.0.40219.1
Project("{FAE04EC0-301F-11D3-BF4B-00C04F79EFBC}") = "BlazorServer.ServiceLifeTime", "BlazorServer.ServiceLifeTime\BlazorServer.ServiceLifeTime.csproj", "{ED939615-C8D6-4F7C-A822-05C5CC43A047}"
EndProject
Global
	GlobalSection(SolutionConfigurationPlatforms) = preSolution
		Debug|Any CPU = Debug|Any CPU
		Release|Any CPU = Release|Any CPU
	EndGlobalSection
	GlobalSection(ProjectConfigurationPlatforms) = postSolution
		{ED939615-C8D6-4F7C-A822-05C5CC43A047}.Debug|Any CPU.ActiveCfg = Debug|Any CPU
		{ED939615-C8D6-4F7C-A822-05C5CC43A047}.Debug|Any CPU.Build.0 = Debug|Any CPU
		{ED939615-C8D6-4F7C-A822-05C5CC43A047}.Release|Any CPU.ActiveCfg = Release|Any CPU
		{ED939615-C8D6-4F7C-A822-05C5CC43A047}.Release|Any CPU.Build.0 = Release|Any CPU
	EndGlobalSection
	GlobalSection(SolutionProperties) = preSolution
		HideSolutionNode = FALSE
	EndGlobalSection
	GlobalSection(ExtensibilityGlobals) = postSolution
		SolutionGuid = {C9020E21-86AE-4BC8-A2E4-5F106942D311}
	EndGlobalSection
EndGlobal
